// !$*UTF8*$!
{
	archiveVersion = 1;
	classes = {
	};
	objectVersion = 50;
	objects = {

/* Begin PBXBuildFile section */
		7AC7D9CF26B8AD48009A8912 /* ExpensesViewModel.swift in Sources */ = {isa = PBXBuildFile; fileRef = 7AC7D9CE26B8AD48009A8912 /* ExpensesViewModel.swift */; };
		F901971C242435CD00CFCB0A /* AppDelegate.swift in Sources */ = {isa = PBXBuildFile; fileRef = F901971B242435CD00CFCB0A /* AppDelegate.swift */; };
		F901971E242435CD00CFCB0A /* SceneDelegate.swift in Sources */ = {isa = PBXBuildFile; fileRef = F901971D242435CD00CFCB0A /* SceneDelegate.swift */; };
		F9019720242435CD00CFCB0A /* ContentView.swift in Sources */ = {isa = PBXBuildFile; fileRef = F901971F242435CD00CFCB0A /* ContentView.swift */; };
		F9019722242435CE00CFCB0A /* Assets.xcassets in Resources */ = {isa = PBXBuildFile; fileRef = F9019721242435CE00CFCB0A /* Assets.xcassets */; };
		F9019725242435CE00CFCB0A /* Preview Assets.xcassets in Resources */ = {isa = PBXBuildFile; fileRef = F9019724242435CE00CFCB0A /* Preview Assets.xcassets */; };
		F9019728242435CE00CFCB0A /* LaunchScreen.storyboard in Resources */ = {isa = PBXBuildFile; fileRef = F9019726242435CE00CFCB0A /* LaunchScreen.storyboard */; };
		F90197302424711C00CFCB0A /* AddView.swift in Sources */ = {isa = PBXBuildFile; fileRef = F901972F2424711C00CFCB0A /* AddView.swift */; };
/* End PBXBuildFile section */

/* Begin PBXFileReference section */
		7AC7D9CE26B8AD48009A8912 /* ExpensesViewModel.swift */ = {isa = PBXFileReference; lastKnownFileType = sourcecode.swift; path = ExpensesViewModel.swift; sourceTree = "<group>"; };
		F9019718242435CD00CFCB0A /* ExpenseApp.app */ = {isa = PBXFileReference; explicitFileType = wrapper.application; includeInIndex = 0; path = ExpenseApp.app; sourceTree = BUILT_PRODUCTS_DIR; };
		F901971B242435CD00CFCB0A /* AppDelegate.swift */ = {isa = PBXFileReference; lastKnownFileType = sourcecode.swift; path = AppDelegate.swift; sourceTree = "<group>"; };
		F901971D242435CD00CFCB0A /* SceneDelegate.swift */ = {isa = PBXFileReference; lastKnownFileType = sourcecode.swift; path = SceneDelegate.swift; sourceTree = "<group>"; };
		F901971F242435CD00CFCB0A /* ContentView.swift */ = {isa = PBXFileReference; lastKnownFileType = sourcecode.swift; path = ContentView.swift; sourceTree = "<group>"; };
		F9019721242435CE00CFCB0A /* Assets.xcassets */ = {isa = PBXFileReference; lastKnownFileType = folder.assetcatalog; path = Assets.xcassets; sourceTree = "<group>"; };
		F9019724242435CE00CFCB0A /* Preview Assets.xcassets */ = {isa = PBXFileReference; lastKnownFileType = folder.assetcatalog; path = "Preview Assets.xcassets"; sourceTree = "<group>"; };
		F9019727242435CE00CFCB0A /* Base */ = {isa = PBXFileReference; lastKnownFileType = file.storyboard; name = Base; path = Base.lproj/LaunchScreen.storyboard; sourceTree = "<group>"; };
		F9019729242435CE00CFCB0A /* Info.plist */ = {isa = PBXFileReference; lastKnownFileType = text.plist.xml; path = Info.plist; sourceTree = "<group>"; };
		F901972F2424711C00CFCB0A /* AddView.swift */ = {isa = PBXFileReference; lastKnownFileType = sourcecode.swift; path = AddView.swift; sourceTree = "<group>"; };
/* End PBXFileReference section */

/* Begin PBXFrameworksBuildPhase section */
		F9019715242435CD00CFCB0A /* Frameworks */ = {
			isa = PBXFrameworksBuildPhase;
			buildActionMask = 2147483647;
			files = (
			);
			runOnlyForDeploymentPostprocessing = 0;
		};
/* End PBXFrameworksBuildPhase section */

/* Begin PBXGroup section */
		7AC7D9D126B8AE7C009A8912 /* Views */ = {
			isa = PBXGroup;
			children = (
				F901972F2424711C00CFCB0A /* AddView.swift */,
				F901971F242435CD00CFCB0A /* ContentView.swift */,
			);
			path = Views;
			sourceTree = "<group>";
		};
		7AC7D9D326B8AE86009A8912 /* ViewModel */ = {
			isa = PBXGroup;
			children = (
				7AC7D9CE26B8AD48009A8912 /* ExpensesViewModel.swift */,
			);
			path = ViewModel;
			sourceTree = "<group>";
		};
		F901970F242435CD00CFCB0A = {
			isa = PBXGroup;
			children = (
				F901971A242435CD00CFCB0A /* ExpenseApp */,
				F9019719242435CD00CFCB0A /* Products */,
			);
			sourceTree = "<group>";
		};
		F9019719242435CD00CFCB0A /* Products */ = {
			isa = PBXGroup;
			children = (
				F9019718242435CD00CFCB0A /* ExpenseApp.app */,
			);
			name = Products;
			sourceTree = "<group>";
		};
		F901971A242435CD00CFCB0A /* ExpenseApp */ = {
			isa = PBXGroup;
			children = (
				7AC7D9D126B8AE7C009A8912 /* Views */,
				F901971B242435CD00CFCB0A /* AppDelegate.swift */,
				F901971D242435CD00CFCB0A /* SceneDelegate.swift */,
				7AC7D9D326B8AE86009A8912 /* ViewModel */,
				F9019721242435CE00CFCB0A /* Assets.xcassets */,
				F9019726242435CE00CFCB0A /* LaunchScreen.storyboard */,
				F9019729242435CE00CFCB0A /* Info.plist */,
				F9019723242435CE00CFCB0A /* Preview Content */,
			);
			path = ExpenseApp;
			sourceTree = "<group>";
		};
		F9019723242435CE00CFCB0A /* Preview Content */ = {
			isa = PBXGroup;
			children = (
				F9019724242435CE00CFCB0A /* Preview Assets.xcassets */,
			);
			path = "Preview Content";
			sourceTree = "<group>";
		};
/* End PBXGroup section */

/* Begin PBXNativeTarget section */
		F9019717242435CD00CFCB0A /* ExpenseApp */ = {
			isa = PBXNativeTarget;
			buildConfigurationList = F901972C242435CE00CFCB0A /* Build configuration list for PBXNativeTarget "ExpenseApp" */;
			buildPhases = (
				F9019714242435CD00CFCB0A /* Sources */,
				F9019715242435CD00CFCB0A /* Frameworks */,
				F9019716242435CD00CFCB0A /* Resources */,
			);
			buildRules = (
			);
			dependencies = (
			);
			name = ExpenseApp;
			productName = ExpenseApp;
			productReference = F9019718242435CD00CFCB0A /* ExpenseApp.app */;
			productType = "com.apple.product-type.application";
		};
/* End PBXNativeTarget section */

/* Begin PBXProject section */
		F9019710242435CD00CFCB0A /* Project object */ = {
			isa = PBXProject;
			attributes = {
				LastSwiftUpdateCheck = 1100;
				LastUpgradeCheck = 1100;
				ORGANIZATIONNAME = lumasecurity;
				TargetAttributes = {
					F9019717242435CD00CFCB0A = {
						CreatedOnToolsVersion = 11.0;
					};
				};
			};
			buildConfigurationList = F9019713242435CD00CFCB0A /* Build configuration list for PBXProject "ExpenseApp" */;
			compatibilityVersion = "Xcode 9.3";
			developmentRegion = en;
			hasScannedForEncodings = 0;
			knownRegions = (
				en,
				Base,
			);
			mainGroup = F901970F242435CD00CFCB0A;
			productRefGroup = F9019719242435CD00CFCB0A /* Products */;
			projectDirPath = "";
			projectRoot = "";
			targets = (
				F9019717242435CD00CFCB0A /* ExpenseApp */,
			);
		};
/* End PBXProject section */

/* Begin PBXResourcesBuildPhase section */
		F9019716242435CD00CFCB0A /* Resources */ = {
			isa = PBXResourcesBuildPhase;
			buildActionMask = 2147483647;
			files = (
				F9019728242435CE00CFCB0A /* LaunchScreen.storyboard in Resources */,
				F9019725242435CE00CFCB0A /* Preview Assets.xcassets in Resources */,
				F9019722242435CE00CFCB0A /* Assets.xcassets in Resources */,
			);
			runOnlyForDeploymentPostprocessing = 0;
		};
/* End PBXResourcesBuildPhase section */

/* Begin PBXSourcesBuildPhase section */
		F9019714242435CD00CFCB0A /* Sources */ = {
			isa = PBXSourcesBuildPhase;
			buildActionMask = 2147483647;
			files = (
				7AC7D9CF26B8AD48009A8912 /* ExpensesViewModel.swift in Sources */,
				F90197302424711C00CFCB0A /* AddView.swift in Sources */,
				F901971C242435CD00CFCB0A /* AppDelegate.swift in Sources */,
				F901971E242435CD00CFCB0A /* SceneDelegate.swift in Sources */,
				F9019720242435CD00CFCB0A /* ContentView.swift in Sources */,
			);
			runOnlyForDeploymentPostprocessing = 0;
		};
/* End PBXSourcesBuildPhase section */

/* Begin PBXVariantGroup section */
		F9019726242435CE00CFCB0A /* LaunchScreen.storyboard */ = {
			isa = PBXVariantGroup;
			children = (
				F9019727242435CE00CFCB0A /* Base */,
			);
			name = LaunchScreen.storyboard;
			sourceTree = "<group>";
		};
/* End PBXVariantGroup section */

/* Begin XCBuildConfiguration section */
		F901972A242435CE00CFCB0A /* Debug */ = {
			isa = XCBuildConfiguration;
			buildSettings = {
				ALWAYS_SEARCH_USER_PATHS = NO;
				CLANG_ANALYZER_NONNULL = YES;
				CLANG_ANALYZER_NUMBER_OBJECT_CONVERSION = YES_AGGRESSIVE;
				CLANG_CXX_LANGUAGE_STANDARD = "gnu++14";
				CLANG_CXX_LIBRARY = "libc++";
				CLANG_ENABLE_MODULES = YES;
				CLANG_ENABLE_OBJC_ARC = YES;
				CLANG_ENABLE_OBJC_WEAK = YES;
				CLANG_WARN_BLOCK_CAPTURE_AUTORELEASING = YES;
				CLANG_WARN_BOOL_CONVERSION = YES;
				CLANG_WARN_COMMA = YES;
				CLANG_WARN_CONSTANT_CONVERSION = YES;
				CLANG_WARN_DEPRECATED_OBJC_IMPLEMENTATIONS = YES;
				CLANG_WARN_DIRECT_OBJC_ISA_USAGE = YES_ERROR;
				CLANG_WARN_DOCUMENTATION_COMMENTS = YES;
				CLANG_WARN_EMPTY_BODY = YES;
				CLANG_WARN_ENUM_CONVERSION = YES;
				CLANG_WARN_INFINITE_RECURSION = YES;
				CLANG_WARN_INT_CONVERSION = YES;
				CLANG_WARN_NON_LITERAL_NULL_CONVERSION = YES;
				CLANG_WARN_OBJC_IMPLICIT_RETAIN_SELF = YES;
				CLANG_WARN_OBJC_LITERAL_CONVERSION = YES;
				CLANG_WARN_OBJC_ROOT_CLASS = YES_ERROR;
				CLANG_WARN_RANGE_LOOP_ANALYSIS = YES;
				CLANG_WARN_STRICT_PROTOTYPES = YES;
				CLANG_WARN_SUSPICIOUS_MOVE = YES;
				CLANG_WARN_UNGUARDED_AVAILABILITY = YES_AGGRESSIVE;
				CLANG_WARN_UNREACHABLE_CODE = YES;
				CLANG_WARN__DUPLICATE_METHOD_MATCH = YES;
				COPY_PHASE_STRIP = NO;
				DEBUG_INFORMATION_FORMAT = dwarf;
				ENABLE_STRICT_OBJC_MSGSEND = YES;
				ENABLE_TESTABILITY = YES;
				GCC_C_LANGUAGE_STANDARD = gnu11;
				GCC_DYNAMIC_NO_PIC = NO;
				GCC_NO_COMMON_BLOCKS = YES;
				GCC_OPTIMIZATION_LEVEL = 0;
				GCC_PREPROCESSOR_DEFINITIONS = (
					"DEBUG=1",
					"$(inherited)",
				);
				GCC_WARN_64_TO_32_BIT_CONVERSION = YES;
				GCC_WARN_ABOUT_RETURN_TYPE = YES_ERROR;
				GCC_WARN_UNDECLARED_SELECTOR = YES;
				GCC_WARN_UNINITIALIZED_AUTOS = YES_AGGRESSIVE;
				GCC_WARN_UNUSED_FUNCTION = YES;
				GCC_WARN_UNUSED_VARIABLE = YES;
				IPHONEOS_DEPLOYMENT_TARGET = 13.0;
				MTL_ENABLE_DEBUG_INFO = INCLUDE_SOURCE;
				MTL_FAST_MATH = YES;
				ONLY_ACTIVE_ARCH = YES;
				SDKROOT = iphoneos;
				SWIFT_ACTIVE_COMPILATION_CONDITIONS = DEBUG;
				SWIFT_OPTIMIZATION_LEVEL = "-Onone";
			};
			name = Debug;
		};
		F901972B242435CE00CFCB0A /* Release */ = {
			isa = XCBuildConfiguration;
			buildSettings = {
				ALWAYS_SEARCH_USER_PATHS = NO;
				CLANG_ANALYZER_NONNULL = YES;
				CLANG_ANALYZER_NUMBER_OBJECT_CONVERSION = YES_AGGRESSIVE;
				CLANG_CXX_LANGUAGE_STANDARD = "gnu++14";
				CLANG_CXX_LIBRARY = "libc++";
				CLANG_ENABLE_MODULES = YES;
				CLANG_ENABLE_OBJC_ARC = YES;
				CLANG_ENABLE_OBJC_WEAK = YES;
				CLANG_WARN_BLOCK_CAPTURE_AUTORELEASING = YES;
				CLANG_WARN_BOOL_CONVERSION = YES;
				CLANG_WARN_COMMA = YES;
				CLANG_WARN_CONSTANT_CONVERSION = YES;
				CLANG_WARN_DEPRECATED_OBJC_IMPLEMENTATIONS = YES;
				CLANG_WARN_DIRECT_OBJC_ISA_USAGE = YES_ERROR;
				CLANG_WARN_DOCUMENTATION_COMMENTS = YES;
				CLANG_WARN_EMPTY_BODY = YES;
				CLANG_WARN_ENUM_CONVERSION = YES;
				CLANG_WARN_INFINITE_RECURSION = YES;
				CLANG_WARN_INT_CONVERSION = YES;
				CLANG_WARN_NON_LITERAL_NULL_CONVERSION = YES;
				CLANG_WARN_OBJC_IMPLICIT_RETAIN_SELF = YES;
				CLANG_WARN_OBJC_LITERAL_CONVERSION = YES;
				CLANG_WARN_OBJC_ROOT_CLASS = YES_ERROR;
				CLANG_WARN_RANGE_LOOP_ANALYSIS = YES;
				CLANG_WARN_STRICT_PROTOTYPES = YES;
				CLANG_WARN_SUSPICIOUS_MOVE = YES;
				CLANG_WARN_UNGUARDED_AVAILABILITY = YES_AGGRESSIVE;
				CLANG_WARN_UNREACHABLE_CODE = YES;
				CLANG_WARN__DUPLICATE_METHOD_MATCH = YES;
				COPY_PHASE_STRIP = NO;
				DEBUG_INFORMATION_FORMAT = "dwarf-with-dsym";
				ENABLE_NS_ASSERTIONS = NO;
				ENABLE_STRICT_OBJC_MSGSEND = YES;
				GCC_C_LANGUAGE_STANDARD = gnu11;
				GCC_NO_COMMON_BLOCKS = YES;
				GCC_WARN_64_TO_32_BIT_CONVERSION = YES;
				GCC_WARN_ABOUT_RETURN_TYPE = YES_ERROR;
				GCC_WARN_UNDECLARED_SELECTOR = YES;
				GCC_WARN_UNINITIALIZED_AUTOS = YES_AGGRESSIVE;
				GCC_WARN_UNUSED_FUNCTION = YES;
				GCC_WARN_UNUSED_VARIABLE = YES;
				IPHONEOS_DEPLOYMENT_TARGET = 13.0;
				MTL_ENABLE_DEBUG_INFO = NO;
				MTL_FAST_MATH = YES;
				SDKROOT = iphoneos;
				SWIFT_COMPILATION_MODE = wholemodule;
				SWIFT_OPTIMIZATION_LEVEL = "-O";
				VALIDATE_PRODUCT = YES;
			};
			name = Release;
		};
		F901972D242435CE00CFCB0A /* Debug */ = {
			isa = XCBuildConfiguration;
			buildSettings = {
				ASSETCATALOG_COMPILER_APPICON_NAME = AppIcon;
				CODE_SIGN_STYLE = Automatic;
				DEVELOPMENT_ASSET_PATHS = "\"ExpenseApp/Preview Content\"";
				DEVELOPMENT_TEAM = F9QDF8576P;
				ENABLE_PREVIEWS = YES;
				INFOPLIST_FILE = ExpenseApp/Info.plist;
				LD_RUNPATH_SEARCH_PATHS = (
					"$(inherited)",
					"@executable_path/Frameworks",
				);
				PRODUCT_BUNDLE_IDENTIFIER = com.lumasecurity.ExpenseApp;
				PRODUCT_NAME = "$(TARGET_NAME)";
				SWIFT_VERSION = 5.0;
				TARGETED_DEVICE_FAMILY = "1,2";
			};
			name = Debug;
		};
		F901972E242435CE00CFCB0A /* Release */ = {
			isa = XCBuildConfiguration;
			buildSettings = {
				ASSETCATALOG_COMPILER_APPICON_NAME = AppIcon;
				CODE_SIGN_STYLE = Automatic;
				DEVELOPMENT_ASSET_PATHS = "\"ExpenseApp/Preview Content\"";
				DEVELOPMENT_TEAM = F9QDF8576P;
				ENABLE_PREVIEWS = YES;
				INFOPLIST_FILE = ExpenseApp/Info.plist;
				LD_RUNPATH_SEARCH_PATHS = (
					"$(inherited)",
					"@executable_path/Frameworks",
				);
				PRODUCT_BUNDLE_IDENTIFIER = com.lumasecurity.ExpenseApp;
				PRODUCT_NAME = "$(TARGET_NAME)";
				SWIFT_VERSION = 5.0;
				TARGETED_DEVICE_FAMILY = "1,2";
			};
			name = Release;
		};
/* End XCBuildConfiguration section */

/* Begin XCConfigurationList section */
		F9019713242435CD00CFCB0A /* Build configuration list for PBXProject "ExpenseApp" */ = {
			isa = XCConfigurationList;
			buildConfigurations = (
				F901972A242435CE00CFCB0A /* Debug */,
				F901972B242435CE00CFCB0A /* Release */,
			);
			defaultConfigurationIsVisible = 0;
			defaultConfigurationName = Release;
		};
		F901972C242435CE00CFCB0A /* Build configuration list for PBXNativeTarget "ExpenseApp" */ = {
			isa = XCConfigurationList;
			buildConfigurations = (
				F901972D242435CE00CFCB0A /* Debug */,
				F901972E242435CE00CFCB0A /* Release */,
			);
			defaultConfigurationIsVisible = 0;
			defaultConfigurationName = Release;
		};
/* End XCConfigurationList section */
	};
	rootObject = F9019710242435CD00CFCB0A /* Project object */;
}
